
Microsoft Visual Studio Solution File, Format Version 12.00
# Visual Studio 15
VisualStudioVersion = 15.0.27703.2000
MinimumVisualStudioVersion = 10.0.40219.1
Project("{9A19103F-16F7-4668-BE54-9A1E7A4F7556}") = "DotNetClassLibrary", "DotNet\DotNetClassLibrary\DotNetClassLibrary.csproj", "{7CA81F21-9B44-41F1-B4C5-722220CE4F51}"
EndProject
Project("{2150E333-8FDC-42A3-9474-1A3956D46DE8}") = "SSoT", "SSoT", "{4DDDD5D7-3261-43E4-B21E-63F104952ACC}"
	ProjectSection(SolutionItems) = preProject
		README.md = README.md
		SSoTmeProject.json = SSoTmeProject.json
	EndProjectSection
EndProject
Project("{FAE04EC0-301F-11D3-BF4B-00C04F79EFBC}") = "ConsoleApp1", "DotNet\ConsoleApp1\ConsoleApp1.csproj", "{4F694602-37C3-4BBA-86F5-C2D2C11306F0}"
EndProject
Global
	GlobalSection(SolutionConfigurationPlatforms) = preSolution
		Debug|Any CPU = Debug|Any CPU
		Release|Any CPU = Release|Any CPU
	EndGlobalSection
	GlobalSection(ProjectConfigurationPlatforms) = postSolution
		{7CA81F21-9B44-41F1-B4C5-722220CE4F51}.Debug|Any CPU.ActiveCfg = Debug|Any CPU
		{7CA81F21-9B44-41F1-B4C5-722220CE4F51}.Debug|Any CPU.Build.0 = Debug|Any CPU
		{7CA81F21-9B44-41F1-B4C5-722220CE4F51}.Release|Any CPU.ActiveCfg = Release|Any CPU
		{7CA81F21-9B44-41F1-B4C5-722220CE4F51}.Release|Any CPU.Build.0 = Release|Any CPU
		{4F694602-37C3-4BBA-86F5-C2D2C11306F0}.Debug|Any CPU.ActiveCfg = Debug|Any CPU
		{4F694602-37C3-4BBA-86F5-C2D2C11306F0}.Debug|Any CPU.Build.0 = Debug|Any CPU
		{4F694602-37C3-4BBA-86F5-C2D2C11306F0}.Release|Any CPU.ActiveCfg = Release|Any CPU
		{4F694602-37C3-4BBA-86F5-C2D2C11306F0}.Release|Any CPU.Build.0 = Release|Any CPU
	EndGlobalSection
	GlobalSection(SolutionProperties) = preSolution
		HideSolutionNode = FALSE
	EndGlobalSection
	GlobalSection(ExtensibilityGlobals) = postSolution
		SolutionGuid = {A9C16635-A0CC-4007-B004-9A48D71AAD0A}
	EndGlobalSection
EndGlobal
